// !$*UTF8*$!
{
	archiveVersion = 1;
	classes = {
	};
	objectVersion = 46;
	objects = {

/* Begin PBXBuildFile section */
		C09A3F3E1CA23DF800ADB74B /* main.m in Sources */ = {isa = PBXBuildFile; fileRef = C09A3F3D1CA23DF800ADB74B /* main.m */; };
		C09A3F411CA23DF800ADB74B /* AppDelegate.m in Sources */ = {isa = PBXBuildFile; fileRef = C09A3F401CA23DF800ADB74B /* AppDelegate.m */; };
		C09A3F441CA23DF800ADB74B /* ViewController.m in Sources */ = {isa = PBXBuildFile; fileRef = C09A3F431CA23DF800ADB74B /* ViewController.m */; };
		C09A3F471CA23DF800ADB74B /* Main.storyboard in Resources */ = {isa = PBXBuildFile; fileRef = C09A3F451CA23DF800ADB74B /* Main.storyboard */; };
		C09A3F491CA23DF800ADB74B /* Assets.xcassets in Resources */ = {isa = PBXBuildFile; fileRef = C09A3F481CA23DF800ADB74B /* Assets.xcassets */; };
		C09A3F4C1CA23DF800ADB74B /* LaunchScreen.storyboard in Resources */ = {isa = PBXBuildFile; fileRef = C09A3F4A1CA23DF800ADB74B /* LaunchScreen.storyboard */; };
		C09A3F571CA23DF800ADB74B /* ListenTests.m in Sources */ = {isa = PBXBuildFile; fileRef = C09A3F561CA23DF800ADB74B /* ListenTests.m */; };
		C09A3F621CA23DF800ADB74B /* ListenUITests.m in Sources */ = {isa = PBXBuildFile; fileRef = C09A3F611CA23DF800ADB74B /* ListenUITests.m */; };
/* End PBXBuildFile section */

/* Begin PBXContainerItemProxy section */
		C09A3F531CA23DF800ADB74B /* PBXContainerItemProxy */ = {
			isa = PBXContainerItemProxy;
			containerPortal = C09A3F311CA23DF500ADB74B /* Project object */;
			proxyType = 1;
			remoteGlobalIDString = C09A3F381CA23DF500ADB74B;
			remoteInfo = Listen;
		};
		C09A3F5E1CA23DF800ADB74B /* PBXContainerItemProxy */ = {
			isa = PBXContainerItemProxy;
			containerPortal = C09A3F311CA23DF500ADB74B /* Project object */;
			proxyType = 1;
			remoteGlobalIDString = C09A3F381CA23DF500ADB74B;
			remoteInfo = Listen;
		};
/* End PBXContainerItemProxy section */

/* Begin PBXFileReference section */
		C09A3F391CA23DF600ADB74B /* Listen.app */ = {isa = PBXFileReference; explicitFileType = wrapper.application; includeInIndex = 0; path = Listen.app; sourceTree = BUILT_PRODUCTS_DIR; };
		C09A3F3D1CA23DF800ADB74B /* main.m */ = {isa = PBXFileReference; lastKnownFileType = sourcecode.c.objc; path = main.m; sourceTree = "<group>"; };
		C09A3F3F1CA23DF800ADB74B /* AppDelegate.h */ = {isa = PBXFileReference; lastKnownFileType = sourcecode.c.h; path = AppDelegate.h; sourceTree = "<group>"; };
		C09A3F401CA23DF800ADB74B /* AppDelegate.m */ = {isa = PBXFileReference; lastKnownFileType = sourcecode.c.objc; path = AppDelegate.m; sourceTree = "<group>"; };
		C09A3F421CA23DF800ADB74B /* ViewController.h */ = {isa = PBXFileReference; lastKnownFileType = sourcecode.c.h; path = ViewController.h; sourceTree = "<group>"; };
		C09A3F431CA23DF800ADB74B /* ViewController.m */ = {isa = PBXFileReference; lastKnownFileType = sourcecode.c.objc; path = ViewController.m; sourceTree = "<group>"; };
		C09A3F461CA23DF800ADB74B /* Base */ = {isa = PBXFileReference; lastKnownFileType = file.storyboard; name = Base; path = Base.lproj/Main.storyboard; sourceTree = "<group>"; };
		C09A3F481CA23DF800ADB74B /* Assets.xcassets */ = {isa = PBXFileReference; lastKnownFileType = folder.assetcatalog; path = Assets.xcassets; sourceTree = "<group>"; };
		C09A3F4B1CA23DF800ADB74B /* Base */ = {isa = PBXFileReference; lastKnownFileType = file.storyboard; name = Base; path = Base.lproj/LaunchScreen.storyboard; sourceTree = "<group>"; };
		C09A3F4D1CA23DF800ADB74B /* Info.plist */ = {isa = PBXFileReference; lastKnownFileType = text.plist.xml; path = Info.plist; sourceTree = "<group>"; };
		C09A3F521CA23DF800ADB74B /* ListenTests.xctest */ = {isa = PBXFileReference; explicitFileType = wrapper.cfbundle; includeInIndex = 0; path = ListenTests.xctest; sourceTree = BUILT_PRODUCTS_DIR; };
		C09A3F561CA23DF800ADB74B /* ListenTests.m */ = {isa = PBXFileReference; lastKnownFileType = sourcecode.c.objc; path = ListenTests.m; sourceTree = "<group>"; };
		C09A3F581CA23DF800ADB74B /* Info.plist */ = {isa = PBXFileReference; lastKnownFileType = text.plist.xml; path = Info.plist; sourceTree = "<group>"; };
		C09A3F5D1CA23DF800ADB74B /* ListenUITests.xctest */ = {isa = PBXFileReference; explicitFileType = wrapper.cfbundle; includeInIndex = 0; path = ListenUITests.xctest; sourceTree = BUILT_PRODUCTS_DIR; };
		C09A3F611CA23DF800ADB74B /* ListenUITests.m */ = {isa = PBXFileReference; lastKnownFileType = sourcecode.c.objc; path = ListenUITests.m; sourceTree = "<group>"; };
		C09A3F631CA23DF800ADB74B /* Info.plist */ = {isa = PBXFileReference; lastKnownFileType = text.plist.xml; path = Info.plist; sourceTree = "<group>"; };
/* End PBXFileReference section */

/* Begin PBXFrameworksBuildPhase section */
		C09A3F361CA23DF500ADB74B /* Frameworks */ = {
			isa = PBXFrameworksBuildPhase;
			buildActionMask = 2147483647;
			files = (
			);
			runOnlyForDeploymentPostprocessing = 0;
		};
		C09A3F4F1CA23DF800ADB74B /* Frameworks */ = {
			isa = PBXFrameworksBuildPhase;
			buildActionMask = 2147483647;
			files = (
			);
			runOnlyForDeploymentPostprocessing = 0;
		};
		C09A3F5A1CA23DF800ADB74B /* Frameworks */ = {
			isa = PBXFrameworksBuildPhase;
			buildActionMask = 2147483647;
			files = (
			);
			runOnlyForDeploymentPostprocessing = 0;
		};
/* End PBXFrameworksBuildPhase section */

/* Begin PBXGroup section */
		C09A3F301CA23DF500ADB74B = {
			isa = PBXGroup;
			children = (
				C09A3F3B1CA23DF800ADB74B /* Listen */,
				C09A3F551CA23DF800ADB74B /* ListenTests */,
				C09A3F601CA23DF800ADB74B /* ListenUITests */,
				C09A3F3A1CA23DF600ADB74B /* Products */,
			);
			sourceTree = "<group>";
		};
		C09A3F3A1CA23DF600ADB74B /* Products */ = {
			isa = PBXGroup;
			children = (
				C09A3F391CA23DF600ADB74B /* Listen.app */,
				C09A3F521CA23DF800ADB74B /* ListenTests.xctest */,
				C09A3F5D1CA23DF800ADB74B /* ListenUITests.xctest */,
			);
			name = Products;
			sourceTree = "<group>";
		};
		C09A3F3B1CA23DF800ADB74B /* Listen */ = {
			isa = PBXGroup;
			children = (
				C09A3F3F1CA23DF800ADB74B /* AppDelegate.h */,
				C09A3F401CA23DF800ADB74B /* AppDelegate.m */,
				C09A3F421CA23DF800ADB74B /* ViewController.h */,
				C09A3F431CA23DF800ADB74B /* ViewController.m */,
				C09A3F451CA23DF800ADB74B /* Main.storyboard */,
				C09A3F481CA23DF800ADB74B /* Assets.xcassets */,
				C09A3F4A1CA23DF800ADB74B /* LaunchScreen.storyboard */,
				C09A3F4D1CA23DF800ADB74B /* Info.plist */,
				C09A3F3C1CA23DF800ADB74B /* Supporting Files */,
			);
			path = Listen;
			sourceTree = "<group>";
		};
		C09A3F3C1CA23DF800ADB74B /* Supporting Files */ = {
			isa = PBXGroup;
			children = (
				C09A3F3D1CA23DF800ADB74B /* main.m */,
			);
			name = "Supporting Files";
			sourceTree = "<group>";
		};
		C09A3F551CA23DF800ADB74B /* ListenTests */ = {
			isa = PBXGroup;
			children = (
				C09A3F561CA23DF800ADB74B /* ListenTests.m */,
				C09A3F581CA23DF800ADB74B /* Info.plist */,
			);
			path = ListenTests;
			sourceTree = "<group>";
		};
		C09A3F601CA23DF800ADB74B /* ListenUITests */ = {
			isa = PBXGroup;
			children = (
				C09A3F611CA23DF800ADB74B /* ListenUITests.m */,
				C09A3F631CA23DF800ADB74B /* Info.plist */,
			);
			path = ListenUITests;
			sourceTree = "<group>";
		};
/* End PBXGroup section */

/* Begin PBXNativeTarget section */
		C09A3F381CA23DF500ADB74B /* Listen */ = {
			isa = PBXNativeTarget;
			buildConfigurationList = C09A3F661CA23DF800ADB74B /* Build configuration list for PBXNativeTarget "Listen" */;
			buildPhases = (
				C09A3F351CA23DF500ADB74B /* Sources */,
				C09A3F361CA23DF500ADB74B /* Frameworks */,
				C09A3F371CA23DF500ADB74B /* Resources */,
			);
			buildRules = (
			);
			dependencies = (
			);
			name = Listen;
			productName = Listen;
			productReference = C09A3F391CA23DF600ADB74B /* Listen.app */;
			productType = "com.apple.product-type.application";
		};
		C09A3F511CA23DF800ADB74B /* ListenTests */ = {
			isa = PBXNativeTarget;
			buildConfigurationList = C09A3F691CA23DF800ADB74B /* Build configuration list for PBXNativeTarget "ListenTests" */;
			buildPhases = (
				C09A3F4E1CA23DF800ADB74B /* Sources */,
				C09A3F4F1CA23DF800ADB74B /* Frameworks */,
				C09A3F501CA23DF800ADB74B /* Resources */,
			);
			buildRules = (
			);
			dependencies = (
				C09A3F541CA23DF800ADB74B /* PBXTargetDependency */,
			);
			name = ListenTests;
			productName = ListenTests;
			productReference = C09A3F521CA23DF800ADB74B /* ListenTests.xctest */;
			productType = "com.apple.product-type.bundle.unit-test";
		};
		C09A3F5C1CA23DF800ADB74B /* ListenUITests */ = {
			isa = PBXNativeTarget;
			buildConfigurationList = C09A3F6C1CA23DF800ADB74B /* Build configuration list for PBXNativeTarget "ListenUITests" */;
			buildPhases = (
				C09A3F591CA23DF800ADB74B /* Sources */,
				C09A3F5A1CA23DF800ADB74B /* Frameworks */,
				C09A3F5B1CA23DF800ADB74B /* Resources */,
			);
			buildRules = (
			);
			dependencies = (
				C09A3F5F1CA23DF800ADB74B /* PBXTargetDependency */,
			);
			name = ListenUITests;
			productName = ListenUITests;
			productReference = C09A3F5D1CA23DF800ADB74B /* ListenUITests.xctest */;
			productType = "com.apple.product-type.bundle.ui-testing";
		};
/* End PBXNativeTarget section */

/* Begin PBXProject section */
		C09A3F311CA23DF500ADB74B /* Project object */ = {
			isa = PBXProject;
			attributes = {
				LastUpgradeCheck = 0730;
				ORGANIZATIONNAME = "MuYou INTERACTIVE TECHNOLOGY LIMITED";
				TargetAttributes = {
					C09A3F381CA23DF500ADB74B = {
						CreatedOnToolsVersion = 7.3;
					};
					C09A3F511CA23DF800ADB74B = {
						CreatedOnToolsVersion = 7.3;
						TestTargetID = C09A3F381CA23DF500ADB74B;
					};
					C09A3F5C1CA23DF800ADB74B = {
						CreatedOnToolsVersion = 7.3;
						TestTargetID = C09A3F381CA23DF500ADB74B;
					};
				};
			};
			buildConfigurationList = C09A3F341CA23DF500ADB74B /* Build configuration list for PBXProject "Listen" */;
			compatibilityVersion = "Xcode 3.2";
			developmentRegion = English;
			hasScannedForEncodings = 0;
			knownRegions = (
				en,
				Base,
			);
			mainGroup = C09A3F301CA23DF500ADB74B;
			productRefGroup = C09A3F3A1CA23DF600ADB74B /* Products */;
			projectDirPath = "";
			projectRoot = "";
			targets = (
				C09A3F381CA23DF500ADB74B /* Listen */,
				C09A3F511CA23DF800ADB74B /* ListenTests */,
				C09A3F5C1CA23DF800ADB74B /* ListenUITests */,
			);
		};
/* End PBXProject section */

/* Begin PBXResourcesBuildPhase section */
		C09A3F371CA23DF500ADB74B /* Resources */ = {
			isa = PBXResourcesBuildPhase;
			buildActionMask = 2147483647;
			files = (
				C09A3F4C1CA23DF800ADB74B /* LaunchScreen.storyboard in Resources */,
				C09A3F491CA23DF800ADB74B /* Assets.xcassets in Resources */,
				C09A3F471CA23DF800ADB74B /* Main.storyboard in Resources */,
			);
			runOnlyForDeploymentPostprocessing = 0;
		};
		C09A3F501CA23DF800ADB74B /* Resources */ = {
			isa = PBXResourcesBuildPhase;
			buildActionMask = 2147483647;
			files = (
			);
			runOnlyForDeploymentPostprocessing = 0;
		};
		C09A3F5B1CA23DF800ADB74B /* Resources */ = {
			isa = PBXResourcesBuildPhase;
			buildActionMask = 2147483647;
			files = (
			);
			runOnlyForDeploymentPostprocessing = 0;
		};
/* End PBXResourcesBuildPhase section */

/* Begin PBXSourcesBuildPhase section */
		C09A3F351CA23DF500ADB74B /* Sources */ = {
			isa = PBXSourcesBuildPhase;
			buildActionMask = 2147483647;
			files = (
				C09A3F441CA23DF800ADB74B /* ViewController.m in Sources */,
				C09A3F411CA23DF800ADB74B /* AppDelegate.m in Sources */,
				C09A3F3E1CA23DF800ADB74B /* main.m in Sources */,
			);
			runOnlyForDeploymentPostprocessing = 0;
		};
		C09A3F4E1CA23DF800ADB74B /* Sources */ = {
			isa = PBXSourcesBuildPhase;
			buildActionMask = 2147483647;
			files = (
				C09A3F571CA23DF800ADB74B /* ListenTests.m in Sources */,
			);
			runOnlyForDeploymentPostprocessing = 0;
		};
		C09A3F591CA23DF800ADB74B /* Sources */ = {
			isa = PBXSourcesBuildPhase;
			buildActionMask = 2147483647;
			files = (
				C09A3F621CA23DF800ADB74B /* ListenUITests.m in Sources */,
			);
			runOnlyForDeploymentPostprocessing = 0;
		};
/* End PBXSourcesBuildPhase section */

/* Begin PBXTargetDependency section */
		C09A3F541CA23DF800ADB74B /* PBXTargetDependency */ = {
			isa = PBXTargetDependency;
			target = C09A3F381CA23DF500ADB74B /* Listen */;
			targetProxy = C09A3F531CA23DF800ADB74B /* PBXContainerItemProxy */;
		};
		C09A3F5F1CA23DF800ADB74B /* PBXTargetDependency */ = {
			isa = PBXTargetDependency;
			target = C09A3F381CA23DF500ADB74B /* Listen */;
			targetProxy = C09A3F5E1CA23DF800ADB74B /* PBXContainerItemProxy */;
		};
/* End PBXTargetDependency section */

/* Begin PBXVariantGroup section */
		C09A3F451CA23DF800ADB74B /* Main.storyboard */ = {
			isa = PBXVariantGroup;
			children = (
				C09A3F461CA23DF800ADB74B /* Base */,
			);
			name = Main.storyboard;
			sourceTree = "<group>";
		};
		C09A3F4A1CA23DF800ADB74B /* LaunchScreen.storyboard */ = {
			isa = PBXVariantGroup;
			children = (
				C09A3F4B1CA23DF800ADB74B /* Base */,
			);
			name = LaunchScreen.storyboard;
			sourceTree = "<group>";
		};
/* End PBXVariantGroup section */

/* Begin XCBuildConfiguration section */
		C09A3F641CA23DF800ADB74B /* Debug */ = {
			isa = XCBuildConfiguration;
			buildSettings = {
				ALWAYS_SEARCH_USER_PATHS = NO;
				CLANG_ANALYZER_NONNULL = YES;
				CLANG_CXX_LANGUAGE_STANDARD = "gnu++0x";
				CLANG_CXX_LIBRARY = "libc++";
				CLANG_ENABLE_MODULES = YES;
				CLANG_ENABLE_OBJC_ARC = YES;
				CLANG_WARN_BOOL_CONVERSION = YES;
				CLANG_WARN_CONSTANT_CONVERSION = YES;
				CLANG_WARN_DIRECT_OBJC_ISA_USAGE = YES_ERROR;
				CLANG_WARN_EMPTY_BODY = YES;
				CLANG_WARN_ENUM_CONVERSION = YES;
				CLANG_WARN_INT_CONVERSION = YES;
				CLANG_WARN_OBJC_ROOT_CLASS = YES_ERROR;
				CLANG_WARN_UNREACHABLE_CODE = YES;
				CLANG_WARN__DUPLICATE_METHOD_MATCH = YES;
				"CODE_SIGN_IDENTITY[sdk=iphoneos*]" = "iPhone Developer";
				COPY_PHASE_STRIP = NO;
				DEBUG_INFORMATION_FORMAT = dwarf;
				ENABLE_STRICT_OBJC_MSGSEND = YES;
				ENABLE_TESTABILITY = YES;
				GCC_C_LANGUAGE_STANDARD = gnu99;
				GCC_DYNAMIC_NO_PIC = NO;
				GCC_NO_COMMON_BLOCKS = YES;
				GCC_OPTIMIZATION_LEVEL = 0;
				GCC_PREPROCESSOR_DEFINITIONS = (
					"DEBUG=1",
					"$(inherited)",
				);
				GCC_WARN_64_TO_32_BIT_CONVERSION = YES;
				GCC_WARN_ABOUT_RETURN_TYPE = YES_ERROR;
				GCC_WARN_UNDECLARED_SELECTOR = YES;
				GCC_WARN_UNINITIALIZED_AUTOS = YES_AGGRESSIVE;
				GCC_WARN_UNUSED_FUNCTION = YES;
				GCC_WARN_UNUSED_VARIABLE = YES;
				IPHONEOS_DEPLOYMENT_TARGET = 9.3;
				MTL_ENABLE_DEBUG_INFO = YES;
				ONLY_ACTIVE_ARCH = YES;
				SDKROOT = iphoneos;
				TARGETED_DEVICE_FAMILY = "1,2";
			};
			name = Debug;
		};
		C09A3F651CA23DF800ADB74B /* Release */ = {
			isa = XCBuildConfiguration;
			buildSettings = {
				ALWAYS_SEARCH_USER_PATHS = NO;
				CLANG_ANALYZER_NONNULL = YES;
				CLANG_CXX_LANGUAGE_STANDARD = "gnu++0x";
				CLANG_CXX_LIBRARY = "libc++";
				CLANG_ENABLE_MODULES = YES;
				CLANG_ENABLE_OBJC_ARC = YES;
				CLANG_WARN_BOOL_CONVERSION = YES;
				CLANG_WARN_CONSTANT_CONVERSION = YES;
				CLANG_WARN_DIRECT_OBJC_ISA_USAGE = YES_ERROR;
				CLANG_WARN_EMPTY_BODY = YES;
				CLANG_WARN_ENUM_CONVERSION = YES;
				CLANG_WARN_INT_CONVERSION = YES;
				CLANG_WARN_OBJC_ROOT_CLASS = YES_ERROR;
				CLANG_WARN_UNREACHABLE_CODE = YES;
				CLANG_WARN__DUPLICATE_METHOD_MATCH = YES;
				"CODE_SIGN_IDENTITY[sdk=iphoneos*]" = "iPhone Developer";
				COPY_PHASE_STRIP = NO;
				DEBUG_INFORMATION_FORMAT = "dwarf-with-dsym";
				ENABLE_NS_ASSERTIONS = NO;
				ENABLE_STRICT_OBJC_MSGSEND = YES;
				GCC_C_LANGUAGE_STANDARD = gnu99;
				GCC_NO_COMMON_BLOCKS = YES;
				GCC_WARN_64_TO_32_BIT_CONVERSION = YES;
				GCC_WARN_ABOUT_RETURN_TYPE = YES_ERROR;
				GCC_WARN_UNDECLARED_SELECTOR = YES;
				GCC_WARN_UNINITIALIZED_AUTOS = YES_AGGRESSIVE;
				GCC_WARN_UNUSED_FUNCTION = YES;
				GCC_WARN_UNUSED_VARIABLE = YES;
				IPHONEOS_DEPLOYMENT_TARGET = 9.3;
				MTL_ENABLE_DEBUG_INFO = NO;
				SDKROOT = iphoneos;
				TARGETED_DEVICE_FAMILY = "1,2";
				VALIDATE_PRODUCT = YES;
			};
			name = Release;
		};
		C09A3F671CA23DF800ADB74B /* Debug */ = {
			isa = XCBuildConfiguration;
			buildSettings = {
				ASSETCATALOG_COMPILER_APPICON_NAME = AppIcon;
				INFOPLIST_FILE = Listen/Info.plist;
				LD_RUNPATH_SEARCH_PATHS = "$(inherited) @executable_path/Frameworks";
				PRODUCT_BUNDLE_IDENTIFIER = ru.3guns.sdk.Listen;
				PRODUCT_NAME = "$(TARGET_NAME)";
			};
			name = Debug;
		};
		C09A3F681CA23DF800ADB74B /* Release */ = {
			isa = XCBuildConfiguration;
			buildSettings = {
				ASSETCATALOG_COMPILER_APPICON_NAME = AppIcon;
				INFOPLIST_FILE = Listen/Info.plist;
				LD_RUNPATH_SEARCH_PATHS = "$(inherited) @executable_path/Frameworks";
				PRODUCT_BUNDLE_IDENTIFIER = ru.3guns.sdk.Listen;
				PRODUCT_NAME = "$(TARGET_NAME)";
			};
			name = Release;
		};
		C09A3F6A1CA23DF800ADB74B /* Debug */ = {
			isa = XCBuildConfiguration;
			buildSettings = {
				BUNDLE_LOADER = "$(TEST_HOST)";
				INFOPLIST_FILE = ListenTests/Info.plist;
				LD_RUNPATH_SEARCH_PATHS = "$(inherited) @executable_path/Frameworks @loader_path/Frameworks";
				PRODUCT_BUNDLE_IDENTIFIER = ru.3guns.sdk.ListenTests;
				PRODUCT_NAME = "$(TARGET_NAME)";
				TEST_HOST = "$(BUILT_PRODUCTS_DIR)/Listen.app/Listen";
			};
			name = Debug;
		};
		C09A3F6B1CA23DF800ADB74B /* Release */ = {
			isa = XCBuildConfiguration;
			buildSettings = {
				BUNDLE_LOADER = "$(TEST_HOST)";
				INFOPLIST_FILE = ListenTests/Info.plist;
				LD_RUNPATH_SEARCH_PATHS = "$(inherited) @executable_path/Frameworks @loader_path/Frameworks";
				PRODUCT_BUNDLE_IDENTIFIER = ru.3guns.sdk.ListenTests;
				PRODUCT_NAME = "$(TARGET_NAME)";
				TEST_HOST = "$(BUILT_PRODUCTS_DIR)/Listen.app/Listen";
			};
			name = Release;
		};
		C09A3F6D1CA23DF800ADB74B /* Debug */ = {
			isa = XCBuildConfiguration;
			buildSettings = {
				INFOPLIST_FILE = ListenUITests/Info.plist;
				LD_RUNPATH_SEARCH_PATHS = "$(inherited) @executable_path/Frameworks @loader_path/Frameworks";
				PRODUCT_BUNDLE_IDENTIFIER = ru.3guns.sdk.ListenUITests;
				PRODUCT_NAME = "$(TARGET_NAME)";
				TEST_TARGET_NAME = Listen;
			};
			name = Debug;
		};
		C09A3F6E1CA23DF800ADB74B /* Release */ = {
			isa = XCBuildConfiguration;
			buildSettings = {
				INFOPLIST_FILE = ListenUITests/Info.plist;
				LD_RUNPATH_SEARCH_PATHS = "$(inherited) @executable_path/Frameworks @loader_path/Frameworks";
				PRODUCT_BUNDLE_IDENTIFIER = ru.3guns.sdk.ListenUITests;
				PRODUCT_NAME = "$(TARGET_NAME)";
				TEST_TARGET_NAME = Listen;
			};
			name = Release;
		};
/* End XCBuildConfiguration section */

/* Begin XCConfigurationList section */
		C09A3F341CA23DF500ADB74B /* Build configuration list for PBXProject "Listen" */ = {
			isa = XCConfigurationList;
			buildConfigurations = (
				C09A3F641CA23DF800ADB74B /* Debug */,
				C09A3F651CA23DF800ADB74B /* Release */,
			);
			defaultConfigurationIsVisible = 0;
			defaultConfigurationName = Release;
		};
		C09A3F661CA23DF800ADB74B /* Build configuration list for PBXNativeTarget "Listen" */ = {
			isa = XCConfigurationList;
			buildConfigurations = (
				C09A3F671CA23DF800ADB74B /* Debug */,
				C09A3F681CA23DF800ADB74B /* Release */,
			);
			defaultConfigurationIsVisible = 0;
		};
		C09A3F691CA23DF800ADB74B /* Build configuration list for PBXNativeTarget "ListenTests" */ = {
			isa = XCConfigurationList;
			buildConfigurations = (
				C09A3F6A1CA23DF800ADB74B /* Debug */,
				C09A3F6B1CA23DF800ADB74B /* Release */,
			);
			defaultConfigurationIsVisible = 0;
		};
		C09A3F6C1CA23DF800ADB74B /* Build configuration list for PBXNativeTarget "ListenUITests" */ = {
			isa = XCConfigurationList;
			buildConfigurations = (
				C09A3F6D1CA23DF800ADB74B /* Debug */,
				C09A3F6E1CA23DF800ADB74B /* Release */,
			);
			defaultConfigurationIsVisible = 0;
		};
/* End XCConfigurationList section */
	};
	rootObject = C09A3F311CA23DF500ADB74B /* Project object */;
}
